
Microsoft Visual Studio Solution File, Format Version 12.00
# Visual Studio Version 17
VisualStudioVersion = 17.1.32421.90
MinimumVisualStudioVersion = 10.0.40219.1
Project("{FAE04EC0-301F-11D3-BF4B-00C04F79EFBC}") = "ЛР1_ИДЗ", "ЛР1_ИДЗ\ЛР1_ИДЗ.csproj", "{9FCAED6D-26AF-42BA-9B5C-FED811A93663}"
EndProject
Global
	GlobalSection(SolutionConfigurationPlatforms) = preSolution
		Debug|Any CPU = Debug|Any CPU
		Release|Any CPU = Release|Any CPU
	EndGlobalSection
	GlobalSection(ProjectConfigurationPlatforms) = postSolution
		{9FCAED6D-26AF-42BA-9B5C-FED811A93663}.Debug|Any CPU.ActiveCfg = Debug|Any CPU
		{9FCAED6D-26AF-42BA-9B5C-FED811A93663}.Debug|Any CPU.Build.0 = Debug|Any CPU
		{9FCAED6D-26AF-42BA-9B5C-FED811A93663}.Release|Any CPU.ActiveCfg = Release|Any CPU
		{9FCAED6D-26AF-42BA-9B5C-FED811A93663}.Release|Any CPU.Build.0 = Release|Any CPU
	EndGlobalSection
	GlobalSection(SolutionProperties) = preSolution
		HideSolutionNode = FALSE
	EndGlobalSection
	GlobalSection(ExtensibilityGlobals) = postSolution
		SolutionGuid = {ED8D7684-7A03-4637-9039-4EEE036F7702}
	EndGlobalSection
EndGlobal
